PODS:
  - NetworkUtils (2.0.0):
    - SwiftPromises (= 2.0.0)
  - SwiftPromises (2.0.0)

DEPENDENCIES:
  - NetworkUtils (= 2.0.0)

SPEC REPOS:
  trunk:
    - NetworkUtils
    - SwiftPromises

SPEC CHECKSUMS:
  NetworkUtils: 67433676b1254314c6df0131c35ce25fbd7eb675
  SwiftPromises: 9dcac22fad4fd7221fe413d69682228cde84a9a1

PODFILE CHECKSUM: e5c5b99c1d8af1c483b86f52be93d967ace53406

COCOAPODS: 1.10.1
